
Microsoft Visual Studio Solution File, Format Version 12.00
# Visual Studio Version 17
VisualStudioVersion = 17.12.35527.113 d17.12
MinimumVisualStudioVersion = 10.0.40219.1
Project("{FAE04EC0-301F-11D3-BF4B-00C04F79EFBC}") = "EquationCalculator", "EquationCalculator.csproj", "{A9FFB6B9-9BA9-4DCC-8AB4-5C63EAC3FD8F}"
EndProject
Project("{FAE04EC0-301F-11D3-BF4B-00C04F79EFBC}") = "EquationCalculator.Tests", "..\EquationCalculator.Tests\EquationCalculator.Tests.csproj", "{C70A60DE-76D1-4F0C-B611-0B6CE6302159}"
EndProject
Global
	GlobalSection(SolutionConfigurationPlatforms) = preSolution
		Debug|Any CPU = Debug|Any CPU
		Release|Any CPU = Release|Any CPU
	EndGlobalSection
	GlobalSection(ProjectConfigurationPlatforms) = postSolution
		{A9FFB6B9-9BA9-4DCC-8AB4-5C63EAC3FD8F}.Debug|Any CPU.ActiveCfg = Debug|Any CPU
		{A9FFB6B9-9BA9-4DCC-8AB4-5C63EAC3FD8F}.Debug|Any CPU.Build.0 = Debug|Any CPU
		{A9FFB6B9-9BA9-4DCC-8AB4-5C63EAC3FD8F}.Release|Any CPU.ActiveCfg = Release|Any CPU
		{A9FFB6B9-9BA9-4DCC-8AB4-5C63EAC3FD8F}.Release|Any CPU.Build.0 = Release|Any CPU
		{C70A60DE-76D1-4F0C-B611-0B6CE6302159}.Debug|Any CPU.ActiveCfg = Debug|Any CPU
		{C70A60DE-76D1-4F0C-B611-0B6CE6302159}.Debug|Any CPU.Build.0 = Debug|Any CPU
		{C70A60DE-76D1-4F0C-B611-0B6CE6302159}.Release|Any CPU.ActiveCfg = Release|Any CPU
		{C70A60DE-76D1-4F0C-B611-0B6CE6302159}.Release|Any CPU.Build.0 = Release|Any CPU
	EndGlobalSection
	GlobalSection(SolutionProperties) = preSolution
		HideSolutionNode = FALSE
	EndGlobalSection
EndGlobal
